
Microsoft Visual Studio Solution File, Format Version 12.00
# Visual Studio 15
Project("{FAE04EC0-301F-11D3-BF4B-00C04F79EFBC}") = "FMODUnity", "FMODUnity.csproj", "{B9130D91-95FB-B9FC-1A00-90C38B9586E9}"
EndProject
Project("{FAE04EC0-301F-11D3-BF4B-00C04F79EFBC}") = "FMODUnityEditor", "FMODUnityEditor.csproj", "{604AE779-6081-985B-459B-75C429F0143B}"
EndProject
Project("{FAE04EC0-301F-11D3-BF4B-00C04F79EFBC}") = "Assembly-CSharp", "Assembly-CSharp.csproj", "{B6DFAD5B-53AF-55CF-4872-2C34153451DA}"
EndProject
Project("{FAE04EC0-301F-11D3-BF4B-00C04F79EFBC}") = "FMODUnityResonanceEditor", "FMODUnityResonanceEditor.csproj", "{89031DC7-D064-3E89-39DB-28B2A079E243}"
EndProject
Project("{FAE04EC0-301F-11D3-BF4B-00C04F79EFBC}") = "FMODUnityResonance", "FMODUnityResonance.csproj", "{2532FD10-659A-ED86-B04E-3A3494C00FA9}"
EndProject
Global
	GlobalSection(SolutionConfigurationPlatforms) = preSolution
		Debug|Any CPU = Debug|Any CPU
		Release|Any CPU = Release|Any CPU
	EndGlobalSection
	GlobalSection(ProjectConfigurationPlatforms) = postSolution
		{B9130D91-95FB-B9FC-1A00-90C38B9586E9}.Debug|Any CPU.ActiveCfg = Debug|Any CPU
		{B9130D91-95FB-B9FC-1A00-90C38B9586E9}.Debug|Any CPU.Build.0 = Debug|Any CPU
		{B9130D91-95FB-B9FC-1A00-90C38B9586E9}.Release|Any CPU.ActiveCfg = Release|Any CPU
		{B9130D91-95FB-B9FC-1A00-90C38B9586E9}.Release|Any CPU.Build.0 = Release|Any CPU
		{604AE779-6081-985B-459B-75C429F0143B}.Debug|Any CPU.ActiveCfg = Debug|Any CPU
		{604AE779-6081-985B-459B-75C429F0143B}.Debug|Any CPU.Build.0 = Debug|Any CPU
		{604AE779-6081-985B-459B-75C429F0143B}.Release|Any CPU.ActiveCfg = Release|Any CPU
		{604AE779-6081-985B-459B-75C429F0143B}.Release|Any CPU.Build.0 = Release|Any CPU
		{B6DFAD5B-53AF-55CF-4872-2C34153451DA}.Debug|Any CPU.ActiveCfg = Debug|Any CPU
		{B6DFAD5B-53AF-55CF-4872-2C34153451DA}.Debug|Any CPU.Build.0 = Debug|Any CPU
		{B6DFAD5B-53AF-55CF-4872-2C34153451DA}.Release|Any CPU.ActiveCfg = Release|Any CPU
		{B6DFAD5B-53AF-55CF-4872-2C34153451DA}.Release|Any CPU.Build.0 = Release|Any CPU
		{89031DC7-D064-3E89-39DB-28B2A079E243}.Debug|Any CPU.ActiveCfg = Debug|Any CPU
		{89031DC7-D064-3E89-39DB-28B2A079E243}.Debug|Any CPU.Build.0 = Debug|Any CPU
		{89031DC7-D064-3E89-39DB-28B2A079E243}.Release|Any CPU.ActiveCfg = Release|Any CPU
		{89031DC7-D064-3E89-39DB-28B2A079E243}.Release|Any CPU.Build.0 = Release|Any CPU
		{2532FD10-659A-ED86-B04E-3A3494C00FA9}.Debug|Any CPU.ActiveCfg = Debug|Any CPU
		{2532FD10-659A-ED86-B04E-3A3494C00FA9}.Debug|Any CPU.Build.0 = Debug|Any CPU
		{2532FD10-659A-ED86-B04E-3A3494C00FA9}.Release|Any CPU.ActiveCfg = Release|Any CPU
		{2532FD10-659A-ED86-B04E-3A3494C00FA9}.Release|Any CPU.Build.0 = Release|Any CPU
	EndGlobalSection
	GlobalSection(SolutionProperties) = preSolution
		HideSolutionNode = FALSE
	EndGlobalSection
EndGlobal
